
Microsoft Visual Studio Solution File, Format Version 12.00
# Visual Studio Version 16
VisualStudioVersion = 16.0.31005.135
MinimumVisualStudioVersion = 10.0.40219.1
Project("{FAE04EC0-301F-11D3-BF4B-00C04F79EFBC}") = "ChallengeOneConsole", "GoldBadgeConsoleAppChallenges\ChallengeOneConsole.csproj", "{383638F0-3C55-4BDB-BBE9-ECE05A42859C}"
EndProject
Project("{FAE04EC0-301F-11D3-BF4B-00C04F79EFBC}") = "ChallengeOneUnitTest", "Challenge1UnitTest\ChallengeOneUnitTest.csproj", "{7F6D319B-E07F-48FD-A19C-D5A0D659E75F}"
EndProject
Project("{FAE04EC0-301F-11D3-BF4B-00C04F79EFBC}") = "ChallengeOneRepo", "ChallengeOneRepo\ChallengeOneRepo.csproj", "{AC41FE71-56BF-4019-8CE4-3C8BD7388AA7}"
EndProject
Project("{2150E333-8FDC-42A3-9474-1A3956D46DE8}") = "ChallengeOne", "ChallengeOne", "{106E5211-8CD8-4559-A5E4-9FABAB035634}"
EndProject
Project("{2150E333-8FDC-42A3-9474-1A3956D46DE8}") = "ChallengeTwo", "ChallengeTwo", "{024FB464-EB1B-4935-80CC-FA313BC91E76}"
EndProject
Project("{FAE04EC0-301F-11D3-BF4B-00C04F79EFBC}") = "ChallengeTwoRepo", "ChallengeTwoRepository\ChallengeTwoRepo.csproj", "{6E438508-4C04-4DB9-9AC8-4EA294D163A1}"
EndProject
Project("{FAE04EC0-301F-11D3-BF4B-00C04F79EFBC}") = "ChallengeTwoUnitTest", "ChallengeTwoUnitTest\ChallengeTwoUnitTest.csproj", "{B24F6CB7-D366-4309-AE8A-228E886C353C}"
EndProject
Project("{FAE04EC0-301F-11D3-BF4B-00C04F79EFBC}") = "ChallengeTwoConsole", "ChallengeTwoConsole\ChallengeTwoConsole.csproj", "{637E8009-A74E-4B34-933F-443079360FD8}"
EndProject
Project("{2150E333-8FDC-42A3-9474-1A3956D46DE8}") = "ChallengeThree", "ChallengeThree", "{1D9124EB-10A2-43D8-9FDF-3A9447E877CD}"
EndProject
Project("{FAE04EC0-301F-11D3-BF4B-00C04F79EFBC}") = "ChallengeThreeRepo", "ChallengeThreeReposotiry\ChallengeThreeRepo.csproj", "{1C2FF1BB-4AAA-4722-A895-3FF957255FB1}"
EndProject
Project("{FAE04EC0-301F-11D3-BF4B-00C04F79EFBC}") = "ChallengeThreeConsole", "ChallengeThreeConsole\ChallengeThreeConsole.csproj", "{BF22390F-935A-425C-8D83-7907EE91D44F}"
EndProject
Project("{FAE04EC0-301F-11D3-BF4B-00C04F79EFBC}") = "ChallengeThreeUnitTest", "ChallengeThreeUnitTest\ChallengeThreeUnitTest.csproj", "{857BB830-13BF-4688-BD2C-D90360BB946F}"
EndProject
Project("{2150E333-8FDC-42A3-9474-1A3956D46DE8}") = "ChallengeFour", "ChallengeFour", "{7BF5B6B9-AD75-4B0F-8BC5-0450C14C272D}"
EndProject
Project("{FAE04EC0-301F-11D3-BF4B-00C04F79EFBC}") = "ChallengeFourRepo", "ChallengeFourRepo\ChallengeFourRepo.csproj", "{8DBC8EB5-1171-4C23-9E74-6F32C2A923F1}"
EndProject
Project("{FAE04EC0-301F-11D3-BF4B-00C04F79EFBC}") = "ChallengeFourConsole", "ChallengeFourConsole\ChallengeFourConsole.csproj", "{17A08881-D0DD-41DC-8842-149AAAE5B97B}"
EndProject
Project("{2150E333-8FDC-42A3-9474-1A3956D46DE8}") = "ChallengeFive", "ChallengeFive", "{D870639A-251B-4DD1-B13E-9228F546A7BE}"
EndProject
Project("{FAE04EC0-301F-11D3-BF4B-00C04F79EFBC}") = "ChallengeFiveRepo", "ChallengeFiveRepo\ChallengeFiveRepo.csproj", "{D26209E6-BEAC-4980-9AB4-BF40EF4453A2}"
EndProject
Project("{FAE04EC0-301F-11D3-BF4B-00C04F79EFBC}") = "ChallengeFiveConsole", "ChallengeFiveConsole\ChallengeFiveConsole.csproj", "{4752EB4B-0230-42FE-9FD2-492A390A0364}"
EndProject
Project("{2150E333-8FDC-42A3-9474-1A3956D46DE8}") = "ChallengeSix", "ChallengeSix", "{F56FA9A3-2E61-4CA2-9FF7-3A9E9F7E79DA}"
EndProject
Project("{FAE04EC0-301F-11D3-BF4B-00C04F79EFBC}") = "ChallengeSixRepo", "ChallengeSixRepo\ChallengeSixRepo.csproj", "{9B299A79-BC68-426E-A71D-D7864545D08B}"
EndProject
Project("{FAE04EC0-301F-11D3-BF4B-00C04F79EFBC}") = "ChallengeSixConsole", "ChallengeSixConsole\ChallengeSixConsole.csproj", "{8F24A882-4466-4131-89AC-8F2BA4A4E109}"
EndProject
Project("{FAE04EC0-301F-11D3-BF4B-00C04F79EFBC}") = "ChallengeSevenRepo", "ChallengeSeven\ChallengeSevenRepo.csproj", "{6B563DBA-EB88-45AB-9F33-C3DB5607A6E3}"
EndProject
Project("{2150E333-8FDC-42A3-9474-1A3956D46DE8}") = "ChallengeSeven", "ChallengeSeven", "{A1AF3EF9-862C-45A5-8059-1DD2FA8F8B22}"
EndProject
Project("{FAE04EC0-301F-11D3-BF4B-00C04F79EFBC}") = "ChallengeSevenConsole", "ChallengeSevenConsole\ChallengeSevenConsole.csproj", "{C2F3356B-DEEF-4E0A-A274-6C7E32C3B681}"
EndProject
Global
	GlobalSection(SolutionConfigurationPlatforms) = preSolution
		Debug|Any CPU = Debug|Any CPU
		Release|Any CPU = Release|Any CPU
	EndGlobalSection
	GlobalSection(ProjectConfigurationPlatforms) = postSolution
		{383638F0-3C55-4BDB-BBE9-ECE05A42859C}.Debug|Any CPU.ActiveCfg = Debug|Any CPU
		{383638F0-3C55-4BDB-BBE9-ECE05A42859C}.Debug|Any CPU.Build.0 = Debug|Any CPU
		{383638F0-3C55-4BDB-BBE9-ECE05A42859C}.Release|Any CPU.ActiveCfg = Release|Any CPU
		{383638F0-3C55-4BDB-BBE9-ECE05A42859C}.Release|Any CPU.Build.0 = Release|Any CPU
		{7F6D319B-E07F-48FD-A19C-D5A0D659E75F}.Debug|Any CPU.ActiveCfg = Debug|Any CPU
		{7F6D319B-E07F-48FD-A19C-D5A0D659E75F}.Debug|Any CPU.Build.0 = Debug|Any CPU
		{7F6D319B-E07F-48FD-A19C-D5A0D659E75F}.Release|Any CPU.ActiveCfg = Release|Any CPU
		{7F6D319B-E07F-48FD-A19C-D5A0D659E75F}.Release|Any CPU.Build.0 = Release|Any CPU
		{AC41FE71-56BF-4019-8CE4-3C8BD7388AA7}.Debug|Any CPU.ActiveCfg = Debug|Any CPU
		{AC41FE71-56BF-4019-8CE4-3C8BD7388AA7}.Debug|Any CPU.Build.0 = Debug|Any CPU
		{AC41FE71-56BF-4019-8CE4-3C8BD7388AA7}.Release|Any CPU.ActiveCfg = Release|Any CPU
		{AC41FE71-56BF-4019-8CE4-3C8BD7388AA7}.Release|Any CPU.Build.0 = Release|Any CPU
		{6E438508-4C04-4DB9-9AC8-4EA294D163A1}.Debug|Any CPU.ActiveCfg = Debug|Any CPU
		{6E438508-4C04-4DB9-9AC8-4EA294D163A1}.Debug|Any CPU.Build.0 = Debug|Any CPU
		{6E438508-4C04-4DB9-9AC8-4EA294D163A1}.Release|Any CPU.ActiveCfg = Release|Any CPU
		{6E438508-4C04-4DB9-9AC8-4EA294D163A1}.Release|Any CPU.Build.0 = Release|Any CPU
		{B24F6CB7-D366-4309-AE8A-228E886C353C}.Debug|Any CPU.ActiveCfg = Debug|Any CPU
		{B24F6CB7-D366-4309-AE8A-228E886C353C}.Debug|Any CPU.Build.0 = Debug|Any CPU
		{B24F6CB7-D366-4309-AE8A-228E886C353C}.Release|Any CPU.ActiveCfg = Release|Any CPU
		{B24F6CB7-D366-4309-AE8A-228E886C353C}.Release|Any CPU.Build.0 = Release|Any CPU
		{637E8009-A74E-4B34-933F-443079360FD8}.Debug|Any CPU.ActiveCfg = Debug|Any CPU
		{637E8009-A74E-4B34-933F-443079360FD8}.Debug|Any CPU.Build.0 = Debug|Any CPU
		{637E8009-A74E-4B34-933F-443079360FD8}.Release|Any CPU.ActiveCfg = Release|Any CPU
		{637E8009-A74E-4B34-933F-443079360FD8}.Release|Any CPU.Build.0 = Release|Any CPU
		{1C2FF1BB-4AAA-4722-A895-3FF957255FB1}.Debug|Any CPU.ActiveCfg = Debug|Any CPU
		{1C2FF1BB-4AAA-4722-A895-3FF957255FB1}.Debug|Any CPU.Build.0 = Debug|Any CPU
		{1C2FF1BB-4AAA-4722-A895-3FF957255FB1}.Release|Any CPU.ActiveCfg = Release|Any CPU
		{1C2FF1BB-4AAA-4722-A895-3FF957255FB1}.Release|Any CPU.Build.0 = Release|Any CPU
		{BF22390F-935A-425C-8D83-7907EE91D44F}.Debug|Any CPU.ActiveCfg = Debug|Any CPU
		{BF22390F-935A-425C-8D83-7907EE91D44F}.Debug|Any CPU.Build.0 = Debug|Any CPU
		{BF22390F-935A-425C-8D83-7907EE91D44F}.Release|Any CPU.ActiveCfg = Release|Any CPU
		{BF22390F-935A-425C-8D83-7907EE91D44F}.Release|Any CPU.Build.0 = Release|Any CPU
		{857BB830-13BF-4688-BD2C-D90360BB946F}.Debug|Any CPU.ActiveCfg = Debug|Any CPU
		{857BB830-13BF-4688-BD2C-D90360BB946F}.Debug|Any CPU.Build.0 = Debug|Any CPU
		{857BB830-13BF-4688-BD2C-D90360BB946F}.Release|Any CPU.ActiveCfg = Release|Any CPU
		{857BB830-13BF-4688-BD2C-D90360BB946F}.Release|Any CPU.Build.0 = Release|Any CPU
		{8DBC8EB5-1171-4C23-9E74-6F32C2A923F1}.Debug|Any CPU.ActiveCfg = Debug|Any CPU
		{8DBC8EB5-1171-4C23-9E74-6F32C2A923F1}.Debug|Any CPU.Build.0 = Debug|Any CPU
		{8DBC8EB5-1171-4C23-9E74-6F32C2A923F1}.Release|Any CPU.ActiveCfg = Release|Any CPU
		{8DBC8EB5-1171-4C23-9E74-6F32C2A923F1}.Release|Any CPU.Build.0 = Release|Any CPU
		{17A08881-D0DD-41DC-8842-149AAAE5B97B}.Debug|Any CPU.ActiveCfg = Debug|Any CPU
		{17A08881-D0DD-41DC-8842-149AAAE5B97B}.Debug|Any CPU.Build.0 = Debug|Any CPU
		{17A08881-D0DD-41DC-8842-149AAAE5B97B}.Release|Any CPU.ActiveCfg = Release|Any CPU
		{17A08881-D0DD-41DC-8842-149AAAE5B97B}.Release|Any CPU.Build.0 = Release|Any CPU
		{D26209E6-BEAC-4980-9AB4-BF40EF4453A2}.Debug|Any CPU.ActiveCfg = Debug|Any CPU
		{D26209E6-BEAC-4980-9AB4-BF40EF4453A2}.Debug|Any CPU.Build.0 = Debug|Any CPU
		{D26209E6-BEAC-4980-9AB4-BF40EF4453A2}.Release|Any CPU.ActiveCfg = Release|Any CPU
		{D26209E6-BEAC-4980-9AB4-BF40EF4453A2}.Release|Any CPU.Build.0 = Release|Any CPU
		{4752EB4B-0230-42FE-9FD2-492A390A0364}.Debug|Any CPU.ActiveCfg = Debug|Any CPU
		{4752EB4B-0230-42FE-9FD2-492A390A0364}.Debug|Any CPU.Build.0 = Debug|Any CPU
		{4752EB4B-0230-42FE-9FD2-492A390A0364}.Release|Any CPU.ActiveCfg = Release|Any CPU
		{4752EB4B-0230-42FE-9FD2-492A390A0364}.Release|Any CPU.Build.0 = Release|Any CPU
		{9B299A79-BC68-426E-A71D-D7864545D08B}.Debug|Any CPU.ActiveCfg = Debug|Any CPU
		{9B299A79-BC68-426E-A71D-D7864545D08B}.Debug|Any CPU.Build.0 = Debug|Any CPU
		{9B299A79-BC68-426E-A71D-D7864545D08B}.Release|Any CPU.ActiveCfg = Release|Any CPU
		{9B299A79-BC68-426E-A71D-D7864545D08B}.Release|Any CPU.Build.0 = Release|Any CPU
		{8F24A882-4466-4131-89AC-8F2BA4A4E109}.Debug|Any CPU.ActiveCfg = Debug|Any CPU
		{8F24A882-4466-4131-89AC-8F2BA4A4E109}.Debug|Any CPU.Build.0 = Debug|Any CPU
		{8F24A882-4466-4131-89AC-8F2BA4A4E109}.Release|Any CPU.ActiveCfg = Release|Any CPU
		{8F24A882-4466-4131-89AC-8F2BA4A4E109}.Release|Any CPU.Build.0 = Release|Any CPU
		{6B563DBA-EB88-45AB-9F33-C3DB5607A6E3}.Debug|Any CPU.ActiveCfg = Debug|Any CPU
		{6B563DBA-EB88-45AB-9F33-C3DB5607A6E3}.Debug|Any CPU.Build.0 = Debug|Any CPU
		{6B563DBA-EB88-45AB-9F33-C3DB5607A6E3}.Release|Any CPU.ActiveCfg = Release|Any CPU
		{6B563DBA-EB88-45AB-9F33-C3DB5607A6E3}.Release|Any CPU.Build.0 = Release|Any CPU
		{C2F3356B-DEEF-4E0A-A274-6C7E32C3B681}.Debug|Any CPU.ActiveCfg = Debug|Any CPU
		{C2F3356B-DEEF-4E0A-A274-6C7E32C3B681}.Debug|Any CPU.Build.0 = Debug|Any CPU
		{C2F3356B-DEEF-4E0A-A274-6C7E32C3B681}.Release|Any CPU.ActiveCfg = Release|Any CPU
		{C2F3356B-DEEF-4E0A-A274-6C7E32C3B681}.Release|Any CPU.Build.0 = Release|Any CPU
	EndGlobalSection
	GlobalSection(SolutionProperties) = preSolution
		HideSolutionNode = FALSE
	EndGlobalSection
	GlobalSection(NestedProjects) = preSolution
		{383638F0-3C55-4BDB-BBE9-ECE05A42859C} = {106E5211-8CD8-4559-A5E4-9FABAB035634}
		{7F6D319B-E07F-48FD-A19C-D5A0D659E75F} = {106E5211-8CD8-4559-A5E4-9FABAB035634}
		{AC41FE71-56BF-4019-8CE4-3C8BD7388AA7} = {106E5211-8CD8-4559-A5E4-9FABAB035634}
		{6E438508-4C04-4DB9-9AC8-4EA294D163A1} = {024FB464-EB1B-4935-80CC-FA313BC91E76}
		{B24F6CB7-D366-4309-AE8A-228E886C353C} = {024FB464-EB1B-4935-80CC-FA313BC91E76}
		{637E8009-A74E-4B34-933F-443079360FD8} = {024FB464-EB1B-4935-80CC-FA313BC91E76}
		{1C2FF1BB-4AAA-4722-A895-3FF957255FB1} = {1D9124EB-10A2-43D8-9FDF-3A9447E877CD}
		{BF22390F-935A-425C-8D83-7907EE91D44F} = {1D9124EB-10A2-43D8-9FDF-3A9447E877CD}
		{857BB830-13BF-4688-BD2C-D90360BB946F} = {1D9124EB-10A2-43D8-9FDF-3A9447E877CD}
		{8DBC8EB5-1171-4C23-9E74-6F32C2A923F1} = {7BF5B6B9-AD75-4B0F-8BC5-0450C14C272D}
		{17A08881-D0DD-41DC-8842-149AAAE5B97B} = {7BF5B6B9-AD75-4B0F-8BC5-0450C14C272D}
		{D26209E6-BEAC-4980-9AB4-BF40EF4453A2} = {D870639A-251B-4DD1-B13E-9228F546A7BE}
		{4752EB4B-0230-42FE-9FD2-492A390A0364} = {D870639A-251B-4DD1-B13E-9228F546A7BE}
		{9B299A79-BC68-426E-A71D-D7864545D08B} = {F56FA9A3-2E61-4CA2-9FF7-3A9E9F7E79DA}
		{8F24A882-4466-4131-89AC-8F2BA4A4E109} = {F56FA9A3-2E61-4CA2-9FF7-3A9E9F7E79DA}
		{6B563DBA-EB88-45AB-9F33-C3DB5607A6E3} = {A1AF3EF9-862C-45A5-8059-1DD2FA8F8B22}
		{C2F3356B-DEEF-4E0A-A274-6C7E32C3B681} = {A1AF3EF9-862C-45A5-8059-1DD2FA8F8B22}
	EndGlobalSection
	GlobalSection(ExtensibilityGlobals) = postSolution
		SolutionGuid = {295B701D-5748-4FCB-86CF-C12FC95D4D65}
	EndGlobalSection
EndGlobal
